
Microsoft Visual Studio Solution File, Format Version 12.00
# Visual Studio Version 16
VisualStudioVersion = 16.0.30517.126
MinimumVisualStudioVersion = 10.0.40219.1
Project("{FAE04EC0-301F-11D3-BF4B-00C04F79EFBC}") = "StraviaAPI", "StraviaAPI\StraviaAPI.csproj", "{F68D11B4-B86B-45D6-AC7D-A1582E93B518}"
EndProject
Global
	GlobalSection(SolutionConfigurationPlatforms) = preSolution
		Debug|Any CPU = Debug|Any CPU
		Release|Any CPU = Release|Any CPU
	EndGlobalSection
	GlobalSection(ProjectConfigurationPlatforms) = postSolution
		{F68D11B4-B86B-45D6-AC7D-A1582E93B518}.Debug|Any CPU.ActiveCfg = Debug|Any CPU
		{F68D11B4-B86B-45D6-AC7D-A1582E93B518}.Debug|Any CPU.Build.0 = Debug|Any CPU
		{F68D11B4-B86B-45D6-AC7D-A1582E93B518}.Release|Any CPU.ActiveCfg = Release|Any CPU
		{F68D11B4-B86B-45D6-AC7D-A1582E93B518}.Release|Any CPU.Build.0 = Release|Any CPU
	EndGlobalSection
	GlobalSection(SolutionProperties) = preSolution
		HideSolutionNode = FALSE
	EndGlobalSection
	GlobalSection(ExtensibilityGlobals) = postSolution
		SolutionGuid = {F7B49688-E833-4E8F-A911-D164A1E26846}
	EndGlobalSection
EndGlobal
